
Microsoft Visual Studio Solution File, Format Version 12.00
Project("{FAE04EC0-301F-11D3-BF4B-00C04F79EFBC}") = "LogixShell.Tests.Unit", "LogixShell.Tests.Unit\LogixShell.Tests.Unit.csproj", "{A90FDF45-3FB3-4821-8D4A-9E92C0476AAA}"
EndProject
Project("{FAE04EC0-301F-11D3-BF4B-00C04F79EFBC}") = "LogixShell", "LogixShell\LogixShell.csproj", "{95CA65B9-9106-4466-A76A-679817C43FE2}"
EndProject
Global
	GlobalSection(SolutionConfigurationPlatforms) = preSolution
		Debug|Any CPU = Debug|Any CPU
		Release|Any CPU = Release|Any CPU
	EndGlobalSection
	GlobalSection(ProjectConfigurationPlatforms) = postSolution
		{A90FDF45-3FB3-4821-8D4A-9E92C0476AAA}.Debug|Any CPU.ActiveCfg = Debug|Any CPU
		{A90FDF45-3FB3-4821-8D4A-9E92C0476AAA}.Debug|Any CPU.Build.0 = Debug|Any CPU
		{A90FDF45-3FB3-4821-8D4A-9E92C0476AAA}.Release|Any CPU.ActiveCfg = Release|Any CPU
		{A90FDF45-3FB3-4821-8D4A-9E92C0476AAA}.Release|Any CPU.Build.0 = Release|Any CPU
		{95CA65B9-9106-4466-A76A-679817C43FE2}.Debug|Any CPU.ActiveCfg = Debug|Any CPU
		{95CA65B9-9106-4466-A76A-679817C43FE2}.Debug|Any CPU.Build.0 = Debug|Any CPU
		{95CA65B9-9106-4466-A76A-679817C43FE2}.Release|Any CPU.ActiveCfg = Release|Any CPU
		{95CA65B9-9106-4466-A76A-679817C43FE2}.Release|Any CPU.Build.0 = Release|Any CPU
	EndGlobalSection
	GlobalSection(NestedProjects) = preSolution
	EndGlobalSection
EndGlobal
